
Microsoft Visual Studio Solution File, Format Version 12.00
# Visual Studio Version 17
VisualStudioVersion = 17.10.34916.146
MinimumVisualStudioVersion = 10.0.40219.1
Project("{FAE04EC0-301F-11D3-BF4B-00C04F79EFBC}") = "inventory", "inventory\inventory.csproj", "{E8E508EE-5FA3-4675-AC3C-5451C2387DB4}"
EndProject
Global
	GlobalSection(SolutionConfigurationPlatforms) = preSolution
		Debug|Any CPU = Debug|Any CPU
		Release|Any CPU = Release|Any CPU
	EndGlobalSection
	GlobalSection(ProjectConfigurationPlatforms) = postSolution
		{E8E508EE-5FA3-4675-AC3C-5451C2387DB4}.Debug|Any CPU.ActiveCfg = Debug|Any CPU
		{E8E508EE-5FA3-4675-AC3C-5451C2387DB4}.Debug|Any CPU.Build.0 = Debug|Any CPU
		{E8E508EE-5FA3-4675-AC3C-5451C2387DB4}.Release|Any CPU.ActiveCfg = Release|Any CPU
		{E8E508EE-5FA3-4675-AC3C-5451C2387DB4}.Release|Any CPU.Build.0 = Release|Any CPU
	EndGlobalSection
	GlobalSection(SolutionProperties) = preSolution
		HideSolutionNode = FALSE
	EndGlobalSection
	GlobalSection(ExtensibilityGlobals) = postSolution
		SolutionGuid = {B4C6F747-94D5-4C5F-8862-4A18DE75805E}
	EndGlobalSection
EndGlobal
